
Microsoft Visual Studio Solution File, Format Version 12.00
# Visual Studio Version 17
VisualStudioVersion = 17.14.36705.20 d17.14
MinimumVisualStudioVersion = 10.0.40219.1
Project("{FAE04EC0-301F-11D3-BF4B-00C04F79EFBC}") = "DynamicKeycards-LabAPI", "DynamicKeycards-LabAPI.csproj", "{991E25D7-B98B-43A1-95FB-C71B9F596481}"
EndProject
Global
	GlobalSection(SolutionConfigurationPlatforms) = preSolution
		Debug|Any CPU = Debug|Any CPU
		Release|Any CPU = Release|Any CPU
	EndGlobalSection
	GlobalSection(ProjectConfigurationPlatforms) = postSolution
		{991E25D7-B98B-43A1-95FB-C71B9F596481}.Debug|Any CPU.ActiveCfg = Debug|Any CPU
		{991E25D7-B98B-43A1-95FB-C71B9F596481}.Debug|Any CPU.Build.0 = Debug|Any CPU
		{991E25D7-B98B-43A1-95FB-C71B9F596481}.Release|Any CPU.ActiveCfg = Release|Any CPU
		{991E25D7-B98B-43A1-95FB-C71B9F596481}.Release|Any CPU.Build.0 = Release|Any CPU
	EndGlobalSection
	GlobalSection(SolutionProperties) = preSolution
		HideSolutionNode = FALSE
	EndGlobalSection
	GlobalSection(ExtensibilityGlobals) = postSolution
		SolutionGuid = {951285C9-AA6F-45F1-9F1A-942BB335F362}
	EndGlobalSection
EndGlobal
